
Microsoft Visual Studio Solution File, Format Version 12.00
# Visual Studio 2013
VisualStudioVersion = 12.0.21005.1
MinimumVisualStudioVersion = 10.0.40219.1
Project("{FAE04EC0-301F-11D3-BF4B-00C04F79EFBC}") = "SharpLearning.InputOutput", "SharpLearning.InputOutput\SharpLearning.InputOutput.csproj", "{01C8F4FE-3D1E-4C21-8EC3-B8EF7FDFE4D3}"
EndProject
Project("{FAE04EC0-301F-11D3-BF4B-00C04F79EFBC}") = "SharpLearning.InputOutput.Test", "SharpLearning.InputOutput.Test\SharpLearning.InputOutput.Test.csproj", "{9B29211D-9211-4C36-872D-5747D6C51878}"
EndProject
Project("{FAE04EC0-301F-11D3-BF4B-00C04F79EFBC}") = "SharpLearning.Containers", "SharpLearning.Containers\SharpLearning.Containers.csproj", "{C42002B6-1844-4618-8778-222160C42992}"
EndProject
Project("{FAE04EC0-301F-11D3-BF4B-00C04F79EFBC}") = "SharpLearning.Containers.Test", "SharpLearning.Containers.Test\SharpLearning.Containers.Test.csproj", "{27819CEA-B582-419B-8169-D1AD3DE3B1E1}"
EndProject
Project("{FAE04EC0-301F-11D3-BF4B-00C04F79EFBC}") = "SharpLearning.Metrics", "SharpLearning.Metrics\SharpLearning.Metrics.csproj", "{43B1CCC0-DFBF-427C-9147-E47A4263326B}"
EndProject
Project("{FAE04EC0-301F-11D3-BF4B-00C04F79EFBC}") = "SharpLearning.Metrics.Test", "SharpLearning.Metrics.Test\SharpLearning.Metrics.Test.csproj", "{62D4C9DD-7CD8-4A05-9BF8-149F787370AD}"
EndProject
Project("{FAE04EC0-301F-11D3-BF4B-00C04F79EFBC}") = "SharpLearning.DecisionTrees", "SharpLearning.DecisionTrees\SharpLearning.DecisionTrees.csproj", "{8EFE2F3F-779D-46D3-BEA4-6F04A52F52E1}"
EndProject
Project("{FAE04EC0-301F-11D3-BF4B-00C04F79EFBC}") = "SharpLearning.DecisionTrees.Test", "SharpLearning.DecisionTrees.Test\SharpLearning.DecisionTrees.Test.csproj", "{0AC6C985-1733-4083-8188-999FF7986861}"
EndProject
Project("{FAE04EC0-301F-11D3-BF4B-00C04F79EFBC}") = "SharpLearning.CrossValidation", "SharpLearning.CrossValidation\SharpLearning.CrossValidation.csproj", "{86038CEF-F3B5-45C5-BBBC-8F700A1CFB86}"
EndProject
Project("{FAE04EC0-301F-11D3-BF4B-00C04F79EFBC}") = "SharpLearning.CrossValidation.Test", "SharpLearning.CrossValidation.Test\SharpLearning.CrossValidation.Test.csproj", "{3EE06D66-F60E-472C-B999-4D46BAC18D0F}"
EndProject
Project("{FAE04EC0-301F-11D3-BF4B-00C04F79EFBC}") = "SharpLearning.RandomForest", "SharpLearning.RandomForest\SharpLearning.RandomForest.csproj", "{F7A2F7BE-4418-40C8-A058-9FC8C6AECEE3}"
EndProject
Project("{FAE04EC0-301F-11D3-BF4B-00C04F79EFBC}") = "SharpLearning.RandomForest.Test", "SharpLearning.RandomForest.Test\SharpLearning.RandomForest.Test.csproj", "{D7C8B7B5-2BBC-4C10-BB26-696AFC1407A0}"
EndProject
Project("{FAE04EC0-301F-11D3-BF4B-00C04F79EFBC}") = "SharpLearning.Threading", "SharpLearning.Threading\SharpLearning.Threading.csproj", "{A2F37B85-EE5B-4E09-9EDF-F391DBD53B5F}"
EndProject
Project("{FAE04EC0-301F-11D3-BF4B-00C04F79EFBC}") = "SharpLearning.Threading.Test", "SharpLearning.Threading.Test\SharpLearning.Threading.Test.csproj", "{25ECF647-81D1-4F3E-9FD4-83C950902915}"
EndProject
Project("{FAE04EC0-301F-11D3-BF4B-00C04F79EFBC}") = "SharpLearning.AdaBoost", "SharpLearning.AdaBoost\SharpLearning.AdaBoost.csproj", "{1D2CB02C-820C-4D92-927C-46A948859B02}"
EndProject
Project("{FAE04EC0-301F-11D3-BF4B-00C04F79EFBC}") = "SharpLearning.AdaBoost.Test", "SharpLearning.AdaBoost.Test\SharpLearning.AdaBoost.Test.csproj", "{59594AF9-135B-4B55-A2A8-5B4CF6F08579}"
EndProject
Project("{FAE04EC0-301F-11D3-BF4B-00C04F79EFBC}") = "SharpLearning.GradientBoost", "SharpLearning.GradientBoost\SharpLearning.GradientBoost.csproj", "{1ECD7C6A-5902-480A-9D39-7780DEF8B543}"
EndProject
Project("{FAE04EC0-301F-11D3-BF4B-00C04F79EFBC}") = "SharpLearning.GradientBoost.Test", "SharpLearning.GradientBoost.Test\SharpLearning.GradientBoost.Test.csproj", "{8C71C15C-5E86-49A0-9A40-25409E9B9A2F}"
EndProject
Project("{FAE04EC0-301F-11D3-BF4B-00C04F79EFBC}") = "SharpLearning.Linear", "SharpLearning.Linear\SharpLearning.Linear.csproj", "{586EFABA-9F39-4927-8953-001E283686D6}"
EndProject
Project("{FAE04EC0-301F-11D3-BF4B-00C04F79EFBC}") = "SharpLearning.Linear.Test", "SharpLearning.Linear.Test\SharpLearning.Linear.Test.csproj", "{0CE7A52C-DA3A-4583-BB65-205C03806197}"
EndProject
Project("{FAE04EC0-301F-11D3-BF4B-00C04F79EFBC}") = "SharpLearning.Common.Interfaces", "SharpLearning.Common.Interfaces\SharpLearning.Common.Interfaces.csproj", "{F3BE678F-47BF-4B56-9D4C-31A2E47AFAB0}"
EndProject
Project("{FAE04EC0-301F-11D3-BF4B-00C04F79EFBC}") = "SharpLearning.Optimization", "SharpLearning.Optimization\SharpLearning.Optimization.csproj", "{B8FCEC40-0D0D-457B-93EB-572EE1F621BF}"
EndProject
Project("{FAE04EC0-301F-11D3-BF4B-00C04F79EFBC}") = "SharpLearning.Optimization.Test", "SharpLearning.Optimization.Test\SharpLearning.Optimization.Test.csproj", "{2CBF54DE-577B-461E-9069-329EC82D3FC0}"
EndProject
Project("{FAE04EC0-301F-11D3-BF4B-00C04F79EFBC}") = "SharpLearning.FeatureTransformations", "SharpLearning.FeatureTransformations\SharpLearning.FeatureTransformations.csproj", "{72D0249C-2896-4263-8F6F-D7B413404408}"
EndProject
Project("{FAE04EC0-301F-11D3-BF4B-00C04F79EFBC}") = "SharpLearning.FeatureTransformations.Test", "SharpLearning.FeatureTransformations.Test\SharpLearning.FeatureTransformations.Test.csproj", "{0BA3CC0B-CC4A-4B17-9C89-F60582E0087B}"
EndProject
Global
	GlobalSection(TeamFoundationVersionControl) = preSolution
		SccNumberOfProjects = 26
		SccEnterpriseProvider = {4CA58AB2-18FA-4F8D-95D4-32DDF27D184C}
		SccTeamFoundationServer = https://machinelearning.visualstudio.com/defaultcollection
		SccLocalPath0 = .
		SccProjectUniqueName1 = SharpLearning.Containers\\SharpLearning.Containers.csproj
		SccProjectName1 = SharpLearning.Containers
		SccLocalPath1 = SharpLearning.Containers
		SccProjectUniqueName2 = SharpLearning.Metrics\\SharpLearning.Metrics.csproj
		SccProjectName2 = SharpLearning.Metrics
		SccLocalPath2 = SharpLearning.Metrics
		SccProjectUniqueName3 = SharpLearning.Metrics.Test\\SharpLearning.Metrics.Test.csproj
		SccProjectName3 = SharpLearning.Metrics.Test
		SccLocalPath3 = SharpLearning.Metrics.Test
		SccProjectUniqueName4 = SharpLearning.DecisionTrees\\SharpLearning.DecisionTrees.csproj
		SccProjectName4 = SharpLearning.DecisionTrees
		SccLocalPath4 = SharpLearning.DecisionTrees
		SccProjectUniqueName5 = SharpLearning.AdaBoost\\SharpLearning.AdaBoost.csproj
		SccProjectName5 = SharpLearning.AdaBoost
		SccLocalPath5 = SharpLearning.AdaBoost
		SccProjectUniqueName6 = SharpLearning.CrossValidation\\SharpLearning.CrossValidation.csproj
		SccProjectName6 = SharpLearning.CrossValidation
		SccLocalPath6 = SharpLearning.CrossValidation
		SccProjectUniqueName7 = SharpLearning.GradientBoost\\SharpLearning.GradientBoost.csproj
		SccProjectName7 = SharpLearning.GradientBoost
		SccLocalPath7 = SharpLearning.GradientBoost
		SccProjectUniqueName8 = SharpLearning.InputOutput\\SharpLearning.InputOutput.csproj
		SccProjectName8 = SharpLearning.InputOutput
		SccLocalPath8 = SharpLearning.InputOutput
		SccProjectUniqueName9 = SharpLearning.Threading\\SharpLearning.Threading.csproj
		SccProjectName9 = SharpLearning.Threading
		SccLocalPath9 = SharpLearning.Threading
		SccProjectUniqueName10 = SharpLearning.Linear\\SharpLearning.Linear.csproj
		SccProjectName10 = SharpLearning.Linear
		SccLocalPath10 = SharpLearning.Linear
		SccProjectUniqueName11 = SharpLearning.RandomForest\\SharpLearning.RandomForest.csproj
		SccProjectName11 = SharpLearning.RandomForest
		SccLocalPath11 = SharpLearning.RandomForest
		SccProjectUniqueName12 = SharpLearning.AdaBoost.Test\\SharpLearning.AdaBoost.Test.csproj
		SccProjectName12 = SharpLearning.AdaBoost.Test
		SccLocalPath12 = SharpLearning.AdaBoost.Test
		SccProjectUniqueName13 = SharpLearning.InputOutput.Test\\SharpLearning.InputOutput.Test.csproj
		SccProjectName13 = SharpLearning.InputOutput.Test
		SccLocalPath13 = SharpLearning.InputOutput.Test
		SccProjectUniqueName14 = SharpLearning.Containers.Test\\SharpLearning.Containers.Test.csproj
		SccProjectName14 = SharpLearning.Containers.Test
		SccLocalPath14 = SharpLearning.Containers.Test
		SccProjectUniqueName15 = SharpLearning.DecisionTrees.Test\\SharpLearning.DecisionTrees.Test.csproj
		SccProjectName15 = SharpLearning.DecisionTrees.Test
		SccLocalPath15 = SharpLearning.DecisionTrees.Test
		SccProjectUniqueName16 = SharpLearning.CrossValidation.Test\\SharpLearning.CrossValidation.Test.csproj
		SccProjectName16 = SharpLearning.CrossValidation.Test
		SccLocalPath16 = SharpLearning.CrossValidation.Test
		SccProjectUniqueName17 = SharpLearning.RandomForest.Test\\SharpLearning.RandomForest.Test.csproj
		SccProjectName17 = SharpLearning.RandomForest.Test
		SccLocalPath17 = SharpLearning.RandomForest.Test
		SccProjectUniqueName18 = SharpLearning.Threading.Test\\SharpLearning.Threading.Test.csproj
		SccProjectName18 = SharpLearning.Threading.Test
		SccLocalPath18 = SharpLearning.Threading.Test
		SccProjectUniqueName19 = SharpLearning.GradientBoost.Test\\SharpLearning.GradientBoost.Test.csproj
		SccProjectName19 = SharpLearning.GradientBoost.Test
		SccLocalPath19 = SharpLearning.GradientBoost.Test
		SccProjectUniqueName20 = SharpLearning.Linear.Test\\SharpLearning.Linear.Test.csproj
		SccProjectName20 = SharpLearning.Linear.Test
		SccLocalPath20 = SharpLearning.Linear.Test
		SccProjectUniqueName21 = SharpLearning.Common.Interfaces\\SharpLearning.Common.Interfaces.csproj
		SccProjectName21 = SharpLearning.Common.Interfaces
		SccLocalPath21 = SharpLearning.Common.Interfaces
		SccProjectUniqueName22 = SharpLearning.Optimization\\SharpLearning.Optimization.csproj
		SccProjectName22 = SharpLearning.Optimization
		SccLocalPath22 = SharpLearning.Optimization
		SccProjectUniqueName23 = SharpLearning.Optimization.Test\\SharpLearning.Optimization.Test.csproj
		SccProjectName23 = SharpLearning.Optimization.Test
		SccLocalPath23 = SharpLearning.Optimization.Test
		SccProjectUniqueName24 = SharpLearning.FeatureTransformations\\SharpLearning.FeatureTransformations.csproj
		SccProjectName24 = SharpLearning.FeatureTransformations
		SccLocalPath24 = SharpLearning.FeatureTransformations
		SccProjectUniqueName25 = SharpLearning.FeatureTransformations.Test\\SharpLearning.FeatureTransformations.Test.csproj
		SccProjectName25 = SharpLearning.FeatureTransformations.Test
		SccLocalPath25 = SharpLearning.FeatureTransformations.Test
	EndGlobalSection
	GlobalSection(SolutionConfigurationPlatforms) = preSolution
		Debug|Any CPU = Debug|Any CPU
		Release|Any CPU = Release|Any CPU
	EndGlobalSection
	GlobalSection(ProjectConfigurationPlatforms) = postSolution
		{01C8F4FE-3D1E-4C21-8EC3-B8EF7FDFE4D3}.Debug|Any CPU.ActiveCfg = Debug|Any CPU
		{01C8F4FE-3D1E-4C21-8EC3-B8EF7FDFE4D3}.Debug|Any CPU.Build.0 = Debug|Any CPU
		{01C8F4FE-3D1E-4C21-8EC3-B8EF7FDFE4D3}.Release|Any CPU.ActiveCfg = Release|Any CPU
		{01C8F4FE-3D1E-4C21-8EC3-B8EF7FDFE4D3}.Release|Any CPU.Build.0 = Release|Any CPU
		{9B29211D-9211-4C36-872D-5747D6C51878}.Debug|Any CPU.ActiveCfg = Debug|Any CPU
		{9B29211D-9211-4C36-872D-5747D6C51878}.Debug|Any CPU.Build.0 = Debug|Any CPU
		{9B29211D-9211-4C36-872D-5747D6C51878}.Release|Any CPU.ActiveCfg = Release|Any CPU
		{9B29211D-9211-4C36-872D-5747D6C51878}.Release|Any CPU.Build.0 = Release|Any CPU
		{C42002B6-1844-4618-8778-222160C42992}.Debug|Any CPU.ActiveCfg = Debug|Any CPU
		{C42002B6-1844-4618-8778-222160C42992}.Debug|Any CPU.Build.0 = Debug|Any CPU
		{C42002B6-1844-4618-8778-222160C42992}.Release|Any CPU.ActiveCfg = Release|Any CPU
		{C42002B6-1844-4618-8778-222160C42992}.Release|Any CPU.Build.0 = Release|Any CPU
		{27819CEA-B582-419B-8169-D1AD3DE3B1E1}.Debug|Any CPU.ActiveCfg = Debug|Any CPU
		{27819CEA-B582-419B-8169-D1AD3DE3B1E1}.Debug|Any CPU.Build.0 = Debug|Any CPU
		{27819CEA-B582-419B-8169-D1AD3DE3B1E1}.Release|Any CPU.ActiveCfg = Release|Any CPU
		{27819CEA-B582-419B-8169-D1AD3DE3B1E1}.Release|Any CPU.Build.0 = Release|Any CPU
		{43B1CCC0-DFBF-427C-9147-E47A4263326B}.Debug|Any CPU.ActiveCfg = Debug|Any CPU
		{43B1CCC0-DFBF-427C-9147-E47A4263326B}.Debug|Any CPU.Build.0 = Debug|Any CPU
		{43B1CCC0-DFBF-427C-9147-E47A4263326B}.Release|Any CPU.ActiveCfg = Release|Any CPU
		{43B1CCC0-DFBF-427C-9147-E47A4263326B}.Release|Any CPU.Build.0 = Release|Any CPU
		{62D4C9DD-7CD8-4A05-9BF8-149F787370AD}.Debug|Any CPU.ActiveCfg = Debug|Any CPU
		{62D4C9DD-7CD8-4A05-9BF8-149F787370AD}.Debug|Any CPU.Build.0 = Debug|Any CPU
		{62D4C9DD-7CD8-4A05-9BF8-149F787370AD}.Release|Any CPU.ActiveCfg = Release|Any CPU
		{62D4C9DD-7CD8-4A05-9BF8-149F787370AD}.Release|Any CPU.Build.0 = Release|Any CPU
		{8EFE2F3F-779D-46D3-BEA4-6F04A52F52E1}.Debug|Any CPU.ActiveCfg = Debug|Any CPU
		{8EFE2F3F-779D-46D3-BEA4-6F04A52F52E1}.Debug|Any CPU.Build.0 = Debug|Any CPU
		{8EFE2F3F-779D-46D3-BEA4-6F04A52F52E1}.Release|Any CPU.ActiveCfg = Release|Any CPU
		{8EFE2F3F-779D-46D3-BEA4-6F04A52F52E1}.Release|Any CPU.Build.0 = Release|Any CPU
		{0AC6C985-1733-4083-8188-999FF7986861}.Debug|Any CPU.ActiveCfg = Debug|Any CPU
		{0AC6C985-1733-4083-8188-999FF7986861}.Debug|Any CPU.Build.0 = Debug|Any CPU
		{0AC6C985-1733-4083-8188-999FF7986861}.Release|Any CPU.ActiveCfg = Release|Any CPU
		{0AC6C985-1733-4083-8188-999FF7986861}.Release|Any CPU.Build.0 = Release|Any CPU
		{86038CEF-F3B5-45C5-BBBC-8F700A1CFB86}.Debug|Any CPU.ActiveCfg = Debug|Any CPU
		{86038CEF-F3B5-45C5-BBBC-8F700A1CFB86}.Debug|Any CPU.Build.0 = Debug|Any CPU
		{86038CEF-F3B5-45C5-BBBC-8F700A1CFB86}.Release|Any CPU.ActiveCfg = Release|Any CPU
		{86038CEF-F3B5-45C5-BBBC-8F700A1CFB86}.Release|Any CPU.Build.0 = Release|Any CPU
		{3EE06D66-F60E-472C-B999-4D46BAC18D0F}.Debug|Any CPU.ActiveCfg = Debug|Any CPU
		{3EE06D66-F60E-472C-B999-4D46BAC18D0F}.Debug|Any CPU.Build.0 = Debug|Any CPU
		{3EE06D66-F60E-472C-B999-4D46BAC18D0F}.Release|Any CPU.ActiveCfg = Release|Any CPU
		{3EE06D66-F60E-472C-B999-4D46BAC18D0F}.Release|Any CPU.Build.0 = Release|Any CPU
		{F7A2F7BE-4418-40C8-A058-9FC8C6AECEE3}.Debug|Any CPU.ActiveCfg = Debug|Any CPU
		{F7A2F7BE-4418-40C8-A058-9FC8C6AECEE3}.Debug|Any CPU.Build.0 = Debug|Any CPU
		{F7A2F7BE-4418-40C8-A058-9FC8C6AECEE3}.Release|Any CPU.ActiveCfg = Release|Any CPU
		{F7A2F7BE-4418-40C8-A058-9FC8C6AECEE3}.Release|Any CPU.Build.0 = Release|Any CPU
		{D7C8B7B5-2BBC-4C10-BB26-696AFC1407A0}.Debug|Any CPU.ActiveCfg = Debug|Any CPU
		{D7C8B7B5-2BBC-4C10-BB26-696AFC1407A0}.Debug|Any CPU.Build.0 = Debug|Any CPU
		{D7C8B7B5-2BBC-4C10-BB26-696AFC1407A0}.Release|Any CPU.ActiveCfg = Release|Any CPU
		{D7C8B7B5-2BBC-4C10-BB26-696AFC1407A0}.Release|Any CPU.Build.0 = Release|Any CPU
		{A2F37B85-EE5B-4E09-9EDF-F391DBD53B5F}.Debug|Any CPU.ActiveCfg = Debug|Any CPU
		{A2F37B85-EE5B-4E09-9EDF-F391DBD53B5F}.Debug|Any CPU.Build.0 = Debug|Any CPU
		{A2F37B85-EE5B-4E09-9EDF-F391DBD53B5F}.Release|Any CPU.ActiveCfg = Release|Any CPU
		{A2F37B85-EE5B-4E09-9EDF-F391DBD53B5F}.Release|Any CPU.Build.0 = Release|Any CPU
		{25ECF647-81D1-4F3E-9FD4-83C950902915}.Debug|Any CPU.ActiveCfg = Debug|Any CPU
		{25ECF647-81D1-4F3E-9FD4-83C950902915}.Debug|Any CPU.Build.0 = Debug|Any CPU
		{25ECF647-81D1-4F3E-9FD4-83C950902915}.Release|Any CPU.ActiveCfg = Release|Any CPU
		{25ECF647-81D1-4F3E-9FD4-83C950902915}.Release|Any CPU.Build.0 = Release|Any CPU
		{1D2CB02C-820C-4D92-927C-46A948859B02}.Debug|Any CPU.ActiveCfg = Debug|Any CPU
		{1D2CB02C-820C-4D92-927C-46A948859B02}.Debug|Any CPU.Build.0 = Debug|Any CPU
		{1D2CB02C-820C-4D92-927C-46A948859B02}.Release|Any CPU.ActiveCfg = Release|Any CPU
		{1D2CB02C-820C-4D92-927C-46A948859B02}.Release|Any CPU.Build.0 = Release|Any CPU
		{59594AF9-135B-4B55-A2A8-5B4CF6F08579}.Debug|Any CPU.ActiveCfg = Debug|Any CPU
		{59594AF9-135B-4B55-A2A8-5B4CF6F08579}.Debug|Any CPU.Build.0 = Debug|Any CPU
		{59594AF9-135B-4B55-A2A8-5B4CF6F08579}.Release|Any CPU.ActiveCfg = Release|Any CPU
		{59594AF9-135B-4B55-A2A8-5B4CF6F08579}.Release|Any CPU.Build.0 = Release|Any CPU
		{1ECD7C6A-5902-480A-9D39-7780DEF8B543}.Debug|Any CPU.ActiveCfg = Debug|Any CPU
		{1ECD7C6A-5902-480A-9D39-7780DEF8B543}.Debug|Any CPU.Build.0 = Debug|Any CPU
		{1ECD7C6A-5902-480A-9D39-7780DEF8B543}.Release|Any CPU.ActiveCfg = Release|Any CPU
		{1ECD7C6A-5902-480A-9D39-7780DEF8B543}.Release|Any CPU.Build.0 = Release|Any CPU
		{8C71C15C-5E86-49A0-9A40-25409E9B9A2F}.Debug|Any CPU.ActiveCfg = Debug|Any CPU
		{8C71C15C-5E86-49A0-9A40-25409E9B9A2F}.Debug|Any CPU.Build.0 = Debug|Any CPU
		{8C71C15C-5E86-49A0-9A40-25409E9B9A2F}.Release|Any CPU.ActiveCfg = Release|Any CPU
		{8C71C15C-5E86-49A0-9A40-25409E9B9A2F}.Release|Any CPU.Build.0 = Release|Any CPU
		{586EFABA-9F39-4927-8953-001E283686D6}.Debug|Any CPU.ActiveCfg = Debug|Any CPU
		{586EFABA-9F39-4927-8953-001E283686D6}.Debug|Any CPU.Build.0 = Debug|Any CPU
		{586EFABA-9F39-4927-8953-001E283686D6}.Release|Any CPU.ActiveCfg = Release|Any CPU
		{586EFABA-9F39-4927-8953-001E283686D6}.Release|Any CPU.Build.0 = Release|Any CPU
		{0CE7A52C-DA3A-4583-BB65-205C03806197}.Debug|Any CPU.ActiveCfg = Debug|Any CPU
		{0CE7A52C-DA3A-4583-BB65-205C03806197}.Debug|Any CPU.Build.0 = Debug|Any CPU
		{0CE7A52C-DA3A-4583-BB65-205C03806197}.Release|Any CPU.ActiveCfg = Release|Any CPU
		{0CE7A52C-DA3A-4583-BB65-205C03806197}.Release|Any CPU.Build.0 = Release|Any CPU
		{F3BE678F-47BF-4B56-9D4C-31A2E47AFAB0}.Debug|Any CPU.ActiveCfg = Debug|Any CPU
		{F3BE678F-47BF-4B56-9D4C-31A2E47AFAB0}.Debug|Any CPU.Build.0 = Debug|Any CPU
		{F3BE678F-47BF-4B56-9D4C-31A2E47AFAB0}.Release|Any CPU.ActiveCfg = Release|Any CPU
		{F3BE678F-47BF-4B56-9D4C-31A2E47AFAB0}.Release|Any CPU.Build.0 = Release|Any CPU
		{B8FCEC40-0D0D-457B-93EB-572EE1F621BF}.Debug|Any CPU.ActiveCfg = Debug|Any CPU
		{B8FCEC40-0D0D-457B-93EB-572EE1F621BF}.Debug|Any CPU.Build.0 = Debug|Any CPU
		{B8FCEC40-0D0D-457B-93EB-572EE1F621BF}.Release|Any CPU.ActiveCfg = Release|Any CPU
		{B8FCEC40-0D0D-457B-93EB-572EE1F621BF}.Release|Any CPU.Build.0 = Release|Any CPU
		{2CBF54DE-577B-461E-9069-329EC82D3FC0}.Debug|Any CPU.ActiveCfg = Debug|Any CPU
		{2CBF54DE-577B-461E-9069-329EC82D3FC0}.Debug|Any CPU.Build.0 = Debug|Any CPU
		{2CBF54DE-577B-461E-9069-329EC82D3FC0}.Release|Any CPU.ActiveCfg = Release|Any CPU
		{2CBF54DE-577B-461E-9069-329EC82D3FC0}.Release|Any CPU.Build.0 = Release|Any CPU
		{72D0249C-2896-4263-8F6F-D7B413404408}.Debug|Any CPU.ActiveCfg = Debug|Any CPU
		{72D0249C-2896-4263-8F6F-D7B413404408}.Debug|Any CPU.Build.0 = Debug|Any CPU
		{72D0249C-2896-4263-8F6F-D7B413404408}.Release|Any CPU.ActiveCfg = Release|Any CPU
		{72D0249C-2896-4263-8F6F-D7B413404408}.Release|Any CPU.Build.0 = Release|Any CPU
		{0BA3CC0B-CC4A-4B17-9C89-F60582E0087B}.Debug|Any CPU.ActiveCfg = Debug|Any CPU
		{0BA3CC0B-CC4A-4B17-9C89-F60582E0087B}.Debug|Any CPU.Build.0 = Debug|Any CPU
		{0BA3CC0B-CC4A-4B17-9C89-F60582E0087B}.Release|Any CPU.ActiveCfg = Release|Any CPU
		{0BA3CC0B-CC4A-4B17-9C89-F60582E0087B}.Release|Any CPU.Build.0 = Release|Any CPU
	EndGlobalSection
	GlobalSection(SolutionProperties) = preSolution
		HideSolutionNode = FALSE
	EndGlobalSection
EndGlobal
