
Microsoft Visual Studio Solution File, Format Version 12.00
# Visual Studio 2012
Project("{FAE04EC0-301F-11D3-BF4B-00C04F79EFBC}") = "SharpLearning.InputOutput", "SharpLearning.InputOutput\SharpLearning.InputOutput.csproj", "{01C8F4FE-3D1E-4C21-8EC3-B8EF7FDFE4D3}"
EndProject
Project("{FAE04EC0-301F-11D3-BF4B-00C04F79EFBC}") = "SharpLearning.InputOutput.Test", "SharpLearning.InputOutput.Test\SharpLearning.InputOutput.Test.csproj", "{9B29211D-9211-4C36-872D-5747D6C51878}"
EndProject
Project("{FAE04EC0-301F-11D3-BF4B-00C04F79EFBC}") = "SharpLearning.Containers", "SharpLearning.Containers\SharpLearning.Containers.csproj", "{C42002B6-1844-4618-8778-222160C42992}"
EndProject
Project("{FAE04EC0-301F-11D3-BF4B-00C04F79EFBC}") = "SharpLearning.Containers.Test", "SharpLearning.Containers.Test\SharpLearning.Containers.Test.csproj", "{27819CEA-B582-419B-8169-D1AD3DE3B1E1}"
EndProject
Global
	GlobalSection(SolutionConfigurationPlatforms) = preSolution
		Debug|Any CPU = Debug|Any CPU
		Release|Any CPU = Release|Any CPU
	EndGlobalSection
	GlobalSection(ProjectConfigurationPlatforms) = postSolution
		{01C8F4FE-3D1E-4C21-8EC3-B8EF7FDFE4D3}.Debug|Any CPU.ActiveCfg = Debug|Any CPU
		{01C8F4FE-3D1E-4C21-8EC3-B8EF7FDFE4D3}.Debug|Any CPU.Build.0 = Debug|Any CPU
		{01C8F4FE-3D1E-4C21-8EC3-B8EF7FDFE4D3}.Release|Any CPU.ActiveCfg = Release|Any CPU
		{01C8F4FE-3D1E-4C21-8EC3-B8EF7FDFE4D3}.Release|Any CPU.Build.0 = Release|Any CPU
		{9B29211D-9211-4C36-872D-5747D6C51878}.Debug|Any CPU.ActiveCfg = Debug|Any CPU
		{9B29211D-9211-4C36-872D-5747D6C51878}.Debug|Any CPU.Build.0 = Debug|Any CPU
		{9B29211D-9211-4C36-872D-5747D6C51878}.Release|Any CPU.ActiveCfg = Release|Any CPU
		{9B29211D-9211-4C36-872D-5747D6C51878}.Release|Any CPU.Build.0 = Release|Any CPU
		{C42002B6-1844-4618-8778-222160C42992}.Debug|Any CPU.ActiveCfg = Debug|Any CPU
		{C42002B6-1844-4618-8778-222160C42992}.Debug|Any CPU.Build.0 = Debug|Any CPU
		{C42002B6-1844-4618-8778-222160C42992}.Release|Any CPU.ActiveCfg = Release|Any CPU
		{C42002B6-1844-4618-8778-222160C42992}.Release|Any CPU.Build.0 = Release|Any CPU
		{27819CEA-B582-419B-8169-D1AD3DE3B1E1}.Debug|Any CPU.ActiveCfg = Debug|Any CPU
		{27819CEA-B582-419B-8169-D1AD3DE3B1E1}.Debug|Any CPU.Build.0 = Debug|Any CPU
		{27819CEA-B582-419B-8169-D1AD3DE3B1E1}.Release|Any CPU.ActiveCfg = Release|Any CPU
		{27819CEA-B582-419B-8169-D1AD3DE3B1E1}.Release|Any CPU.Build.0 = Release|Any CPU
	EndGlobalSection
	GlobalSection(SolutionProperties) = preSolution
		HideSolutionNode = FALSE
	EndGlobalSection
EndGlobal
