
Microsoft Visual Studio Solution File, Format Version 12.00
# Visual Studio 2013
VisualStudioVersion = 12.0.21005.1
MinimumVisualStudioVersion = 10.0.40219.1
Project("{FAE04EC0-301F-11D3-BF4B-00C04F79EFBC}") = "SharpLearning.InputOutput", "SharpLearning.InputOutput\SharpLearning.InputOutput.csproj", "{01C8F4FE-3D1E-4C21-8EC3-B8EF7FDFE4D3}"
EndProject
Project("{FAE04EC0-301F-11D3-BF4B-00C04F79EFBC}") = "SharpLearning.InputOutput.Test", "SharpLearning.InputOutput.Test\SharpLearning.InputOutput.Test.csproj", "{9B29211D-9211-4C36-872D-5747D6C51878}"
EndProject
Project("{FAE04EC0-301F-11D3-BF4B-00C04F79EFBC}") = "SharpLearning.Containers", "SharpLearning.Containers\SharpLearning.Containers.csproj", "{C42002B6-1844-4618-8778-222160C42992}"
EndProject
Project("{FAE04EC0-301F-11D3-BF4B-00C04F79EFBC}") = "SharpLearning.Containers.Test", "SharpLearning.Containers.Test\SharpLearning.Containers.Test.csproj", "{27819CEA-B582-419B-8169-D1AD3DE3B1E1}"
EndProject
Project("{FAE04EC0-301F-11D3-BF4B-00C04F79EFBC}") = "SharpLearning.Metrics", "SharpLearning.Metrics\SharpLearning.Metrics.csproj", "{43B1CCC0-DFBF-427C-9147-E47A4263326B}"
EndProject
Project("{FAE04EC0-301F-11D3-BF4B-00C04F79EFBC}") = "SharpLearning.Metrics.Test", "SharpLearning.Metrics.Test\SharpLearning.Metrics.Test.csproj", "{62D4C9DD-7CD8-4A05-9BF8-149F787370AD}"
EndProject
Project("{FAE04EC0-301F-11D3-BF4B-00C04F79EFBC}") = "SharpLearning.DecisionTrees", "SharpLearning.DecisionTrees\SharpLearning.DecisionTrees.csproj", "{8EFE2F3F-779D-46D3-BEA4-6F04A52F52E1}"
EndProject
Project("{FAE04EC0-301F-11D3-BF4B-00C04F79EFBC}") = "SharpLearning.DecisionTrees.Test", "SharpLearning.DecisionTrees.Test\SharpLearning.DecisionTrees.Test.csproj", "{0AC6C985-1733-4083-8188-999FF7986861}"
EndProject
Project("{FAE04EC0-301F-11D3-BF4B-00C04F79EFBC}") = "SharpLearning.CrossValidation", "SharpLearning.CrossValidation\SharpLearning.CrossValidation.csproj", "{86038CEF-F3B5-45C5-BBBC-8F700A1CFB86}"
EndProject
Project("{FAE04EC0-301F-11D3-BF4B-00C04F79EFBC}") = "SharpLearning.CrossValidation.Test", "SharpLearning.CrossValidation.Test\SharpLearning.CrossValidation.Test.csproj", "{3EE06D66-F60E-472C-B999-4D46BAC18D0F}"
EndProject
Project("{FAE04EC0-301F-11D3-BF4B-00C04F79EFBC}") = "SharpLearning.RandomForest", "SharpLearning.RandomForest\SharpLearning.RandomForest.csproj", "{F7A2F7BE-4418-40C8-A058-9FC8C6AECEE3}"
EndProject
Project("{FAE04EC0-301F-11D3-BF4B-00C04F79EFBC}") = "SharpLearning.RandomForest.Test", "SharpLearning.RandomForest.Test\SharpLearning.RandomForest.Test.csproj", "{D7C8B7B5-2BBC-4C10-BB26-696AFC1407A0}"
EndProject
Global
	GlobalSection(TeamFoundationVersionControl) = preSolution
		SccNumberOfProjects = 13
		SccEnterpriseProvider = {4CA58AB2-18FA-4F8D-95D4-32DDF27D184C}
		SccTeamFoundationServer = https://machinelearning.visualstudio.com/defaultcollection
		SccLocalPath0 = .
		SccProjectUniqueName1 = SharpLearning.InputOutput\\SharpLearning.InputOutput.csproj
		SccProjectName1 = SharpLearning.InputOutput
		SccLocalPath1 = SharpLearning.InputOutput
		SccProjectUniqueName2 = SharpLearning.InputOutput.Test\\SharpLearning.InputOutput.Test.csproj
		SccProjectName2 = SharpLearning.InputOutput.Test
		SccLocalPath2 = SharpLearning.InputOutput.Test
		SccProjectUniqueName3 = SharpLearning.Containers\\SharpLearning.Containers.csproj
		SccProjectName3 = SharpLearning.Containers
		SccLocalPath3 = SharpLearning.Containers
		SccProjectUniqueName4 = SharpLearning.Containers.Test\\SharpLearning.Containers.Test.csproj
		SccProjectName4 = SharpLearning.Containers.Test
		SccLocalPath4 = SharpLearning.Containers.Test
		SccProjectUniqueName5 = SharpLearning.Metrics\\SharpLearning.Metrics.csproj
		SccProjectName5 = SharpLearning.Metrics
		SccLocalPath5 = SharpLearning.Metrics
		SccProjectUniqueName6 = SharpLearning.Metrics.Test\\SharpLearning.Metrics.Test.csproj
		SccProjectName6 = SharpLearning.Metrics.Test
		SccLocalPath6 = SharpLearning.Metrics.Test
		SccProjectUniqueName7 = SharpLearning.DecisionTrees\\SharpLearning.DecisionTrees.csproj
		SccProjectName7 = SharpLearning.DecisionTrees
		SccLocalPath7 = SharpLearning.DecisionTrees
		SccProjectUniqueName8 = SharpLearning.DecisionTrees.Test\\SharpLearning.DecisionTrees.Test.csproj
		SccProjectName8 = SharpLearning.DecisionTrees.Test
		SccLocalPath8 = SharpLearning.DecisionTrees.Test
		SccProjectUniqueName9 = SharpLearning.CrossValidation\\SharpLearning.CrossValidation.csproj
		SccProjectName9 = SharpLearning.CrossValidation
		SccLocalPath9 = SharpLearning.CrossValidation
		SccProjectUniqueName10 = SharpLearning.CrossValidation.Test\\SharpLearning.CrossValidation.Test.csproj
		SccProjectName10 = SharpLearning.CrossValidation.Test
		SccLocalPath10 = SharpLearning.CrossValidation.Test
		SccProjectUniqueName11 = SharpLearning.RandomForest\\SharpLearning.RandomForest.csproj
		SccProjectName11 = SharpLearning.RandomForest
		SccLocalPath11 = SharpLearning.RandomForest
		SccProjectUniqueName12 = SharpLearning.RandomForest.Test\\SharpLearning.RandomForest.Test.csproj
		SccProjectName12 = SharpLearning.RandomForest.Test
		SccLocalPath12 = SharpLearning.RandomForest.Test
	EndGlobalSection
	GlobalSection(SolutionConfigurationPlatforms) = preSolution
		Debug|Any CPU = Debug|Any CPU
		Release|Any CPU = Release|Any CPU
	EndGlobalSection
	GlobalSection(ProjectConfigurationPlatforms) = postSolution
		{01C8F4FE-3D1E-4C21-8EC3-B8EF7FDFE4D3}.Debug|Any CPU.ActiveCfg = Debug|Any CPU
		{01C8F4FE-3D1E-4C21-8EC3-B8EF7FDFE4D3}.Debug|Any CPU.Build.0 = Debug|Any CPU
		{01C8F4FE-3D1E-4C21-8EC3-B8EF7FDFE4D3}.Release|Any CPU.ActiveCfg = Release|Any CPU
		{01C8F4FE-3D1E-4C21-8EC3-B8EF7FDFE4D3}.Release|Any CPU.Build.0 = Release|Any CPU
		{9B29211D-9211-4C36-872D-5747D6C51878}.Debug|Any CPU.ActiveCfg = Debug|Any CPU
		{9B29211D-9211-4C36-872D-5747D6C51878}.Debug|Any CPU.Build.0 = Debug|Any CPU
		{9B29211D-9211-4C36-872D-5747D6C51878}.Release|Any CPU.ActiveCfg = Release|Any CPU
		{9B29211D-9211-4C36-872D-5747D6C51878}.Release|Any CPU.Build.0 = Release|Any CPU
		{C42002B6-1844-4618-8778-222160C42992}.Debug|Any CPU.ActiveCfg = Debug|Any CPU
		{C42002B6-1844-4618-8778-222160C42992}.Debug|Any CPU.Build.0 = Debug|Any CPU
		{C42002B6-1844-4618-8778-222160C42992}.Release|Any CPU.ActiveCfg = Release|Any CPU
		{C42002B6-1844-4618-8778-222160C42992}.Release|Any CPU.Build.0 = Release|Any CPU
		{27819CEA-B582-419B-8169-D1AD3DE3B1E1}.Debug|Any CPU.ActiveCfg = Debug|Any CPU
		{27819CEA-B582-419B-8169-D1AD3DE3B1E1}.Debug|Any CPU.Build.0 = Debug|Any CPU
		{27819CEA-B582-419B-8169-D1AD3DE3B1E1}.Release|Any CPU.ActiveCfg = Release|Any CPU
		{27819CEA-B582-419B-8169-D1AD3DE3B1E1}.Release|Any CPU.Build.0 = Release|Any CPU
		{43B1CCC0-DFBF-427C-9147-E47A4263326B}.Debug|Any CPU.ActiveCfg = Debug|Any CPU
		{43B1CCC0-DFBF-427C-9147-E47A4263326B}.Debug|Any CPU.Build.0 = Debug|Any CPU
		{43B1CCC0-DFBF-427C-9147-E47A4263326B}.Release|Any CPU.ActiveCfg = Release|Any CPU
		{43B1CCC0-DFBF-427C-9147-E47A4263326B}.Release|Any CPU.Build.0 = Release|Any CPU
		{62D4C9DD-7CD8-4A05-9BF8-149F787370AD}.Debug|Any CPU.ActiveCfg = Debug|Any CPU
		{62D4C9DD-7CD8-4A05-9BF8-149F787370AD}.Debug|Any CPU.Build.0 = Debug|Any CPU
		{62D4C9DD-7CD8-4A05-9BF8-149F787370AD}.Release|Any CPU.ActiveCfg = Release|Any CPU
		{62D4C9DD-7CD8-4A05-9BF8-149F787370AD}.Release|Any CPU.Build.0 = Release|Any CPU
		{8EFE2F3F-779D-46D3-BEA4-6F04A52F52E1}.Debug|Any CPU.ActiveCfg = Debug|Any CPU
		{8EFE2F3F-779D-46D3-BEA4-6F04A52F52E1}.Debug|Any CPU.Build.0 = Debug|Any CPU
		{8EFE2F3F-779D-46D3-BEA4-6F04A52F52E1}.Release|Any CPU.ActiveCfg = Release|Any CPU
		{8EFE2F3F-779D-46D3-BEA4-6F04A52F52E1}.Release|Any CPU.Build.0 = Release|Any CPU
		{0AC6C985-1733-4083-8188-999FF7986861}.Debug|Any CPU.ActiveCfg = Debug|Any CPU
		{0AC6C985-1733-4083-8188-999FF7986861}.Debug|Any CPU.Build.0 = Debug|Any CPU
		{0AC6C985-1733-4083-8188-999FF7986861}.Release|Any CPU.ActiveCfg = Release|Any CPU
		{0AC6C985-1733-4083-8188-999FF7986861}.Release|Any CPU.Build.0 = Release|Any CPU
		{86038CEF-F3B5-45C5-BBBC-8F700A1CFB86}.Debug|Any CPU.ActiveCfg = Debug|Any CPU
		{86038CEF-F3B5-45C5-BBBC-8F700A1CFB86}.Debug|Any CPU.Build.0 = Debug|Any CPU
		{86038CEF-F3B5-45C5-BBBC-8F700A1CFB86}.Release|Any CPU.ActiveCfg = Release|Any CPU
		{86038CEF-F3B5-45C5-BBBC-8F700A1CFB86}.Release|Any CPU.Build.0 = Release|Any CPU
		{3EE06D66-F60E-472C-B999-4D46BAC18D0F}.Debug|Any CPU.ActiveCfg = Debug|Any CPU
		{3EE06D66-F60E-472C-B999-4D46BAC18D0F}.Debug|Any CPU.Build.0 = Debug|Any CPU
		{3EE06D66-F60E-472C-B999-4D46BAC18D0F}.Release|Any CPU.ActiveCfg = Release|Any CPU
		{3EE06D66-F60E-472C-B999-4D46BAC18D0F}.Release|Any CPU.Build.0 = Release|Any CPU
		{F7A2F7BE-4418-40C8-A058-9FC8C6AECEE3}.Debug|Any CPU.ActiveCfg = Debug|Any CPU
		{F7A2F7BE-4418-40C8-A058-9FC8C6AECEE3}.Debug|Any CPU.Build.0 = Debug|Any CPU
		{F7A2F7BE-4418-40C8-A058-9FC8C6AECEE3}.Release|Any CPU.ActiveCfg = Release|Any CPU
		{F7A2F7BE-4418-40C8-A058-9FC8C6AECEE3}.Release|Any CPU.Build.0 = Release|Any CPU
		{D7C8B7B5-2BBC-4C10-BB26-696AFC1407A0}.Debug|Any CPU.ActiveCfg = Debug|Any CPU
		{D7C8B7B5-2BBC-4C10-BB26-696AFC1407A0}.Debug|Any CPU.Build.0 = Debug|Any CPU
		{D7C8B7B5-2BBC-4C10-BB26-696AFC1407A0}.Release|Any CPU.ActiveCfg = Release|Any CPU
		{D7C8B7B5-2BBC-4C10-BB26-696AFC1407A0}.Release|Any CPU.Build.0 = Release|Any CPU
	EndGlobalSection
	GlobalSection(SolutionProperties) = preSolution
		HideSolutionNode = FALSE
	EndGlobalSection
EndGlobal
